
Microsoft Visual Studio Solution File, Format Version 12.00
# Visual Studio 15
VisualStudioVersion = 15.0.26730.16
MinimumVisualStudioVersion = 10.0.40219.1
Project("{8BC9CEB8-8B4A-11D0-8D11-00A0C91BC942}") = "Project1", "Project1\Project1.vcxproj", "{A68F5EE7-0946-4EF5-80A1-9AF099B0170B}"
EndProject
Project("{8BC9CEB8-8B4A-11D0-8D11-00A0C91BC942}") = "Project2", "Project2\Project2.vcxproj", "{B456E4BC-2106-49D6-82D0-456820AC97AF}"
EndProject
Project("{8BC9CEB8-8B4A-11D0-8D11-00A0C91BC942}") = "Project3", "Project3\Project3.vcxproj", "{E1E07B10-89D2-4B15-AEA6-08EDAEDC33E4}"
EndProject
Project("{8BC9CEB8-8B4A-11D0-8D11-00A0C91BC942}") = "Project4", "Project4\Project4.vcxproj", "{174F4EE6-6068-4DE8-B4D6-14913B6D3FA8}"
EndProject
Project("{8BC9CEB8-8B4A-11D0-8D11-00A0C91BC942}") = "Project5", "Project5\Project5.vcxproj", "{42C68E30-DEBA-4C71-A241-F589B22B3704}"
EndProject
Project("{8BC9CEB8-8B4A-11D0-8D11-00A0C91BC942}") = "Project6", "Project6\Project6.vcxproj", "{86A672D2-077F-49FE-979B-694F218881ED}"
EndProject
Project("{8BC9CEB8-8B4A-11D0-8D11-00A0C91BC942}") = "Project7", "Project7\Project7.vcxproj", "{790C2A86-2AD2-4342-8000-677F6E4E7324}"
EndProject
Project("{8BC9CEB8-8B4A-11D0-8D11-00A0C91BC942}") = "Project8", "Project8\Project8.vcxproj", "{6CD31A83-1142-4ACF-A21C-273ABAA15F05}"
EndProject
Project("{8BC9CEB8-8B4A-11D0-8D11-00A0C91BC942}") = "Project9", "Project9\Project9.vcxproj", "{B831058A-48E9-49C4-BD1D-A57F1FCC02D2}"
EndProject
Project("{8BC9CEB8-8B4A-11D0-8D11-00A0C91BC942}") = "Project10", "Project10\Project10.vcxproj", "{B48435CB-3A67-49AB-82BC-9F6B2BEB71B2}"
EndProject
Project("{8BC9CEB8-8B4A-11D0-8D11-00A0C91BC942}") = "Project11", "Project11\Project11.vcxproj", "{E7FDC9F1-44F4-4F9A-B7FE-37E0EFEC750C}"
EndProject
Global
	GlobalSection(SolutionConfigurationPlatforms) = preSolution
		Debug|x64 = Debug|x64
		Debug|x86 = Debug|x86
		Release|x64 = Release|x64
		Release|x86 = Release|x86
	EndGlobalSection
	GlobalSection(ProjectConfigurationPlatforms) = postSolution
		{A68F5EE7-0946-4EF5-80A1-9AF099B0170B}.Debug|x64.ActiveCfg = Debug|x64
		{A68F5EE7-0946-4EF5-80A1-9AF099B0170B}.Debug|x64.Build.0 = Debug|x64
		{A68F5EE7-0946-4EF5-80A1-9AF099B0170B}.Debug|x86.ActiveCfg = Debug|Win32
		{A68F5EE7-0946-4EF5-80A1-9AF099B0170B}.Debug|x86.Build.0 = Debug|Win32
		{A68F5EE7-0946-4EF5-80A1-9AF099B0170B}.Release|x64.ActiveCfg = Release|x64
		{A68F5EE7-0946-4EF5-80A1-9AF099B0170B}.Release|x64.Build.0 = Release|x64
		{A68F5EE7-0946-4EF5-80A1-9AF099B0170B}.Release|x86.ActiveCfg = Release|Win32
		{A68F5EE7-0946-4EF5-80A1-9AF099B0170B}.Release|x86.Build.0 = Release|Win32
		{B456E4BC-2106-49D6-82D0-456820AC97AF}.Debug|x64.ActiveCfg = Debug|x64
		{B456E4BC-2106-49D6-82D0-456820AC97AF}.Debug|x64.Build.0 = Debug|x64
		{B456E4BC-2106-49D6-82D0-456820AC97AF}.Debug|x86.ActiveCfg = Debug|Win32
		{B456E4BC-2106-49D6-82D0-456820AC97AF}.Debug|x86.Build.0 = Debug|Win32
		{B456E4BC-2106-49D6-82D0-456820AC97AF}.Release|x64.ActiveCfg = Release|x64
		{B456E4BC-2106-49D6-82D0-456820AC97AF}.Release|x64.Build.0 = Release|x64
		{B456E4BC-2106-49D6-82D0-456820AC97AF}.Release|x86.ActiveCfg = Release|Win32
		{B456E4BC-2106-49D6-82D0-456820AC97AF}.Release|x86.Build.0 = Release|Win32
		{E1E07B10-89D2-4B15-AEA6-08EDAEDC33E4}.Debug|x64.ActiveCfg = Debug|x64
		{E1E07B10-89D2-4B15-AEA6-08EDAEDC33E4}.Debug|x64.Build.0 = Debug|x64
		{E1E07B10-89D2-4B15-AEA6-08EDAEDC33E4}.Debug|x86.ActiveCfg = Debug|Win32
		{E1E07B10-89D2-4B15-AEA6-08EDAEDC33E4}.Debug|x86.Build.0 = Debug|Win32
		{E1E07B10-89D2-4B15-AEA6-08EDAEDC33E4}.Release|x64.ActiveCfg = Release|x64
		{E1E07B10-89D2-4B15-AEA6-08EDAEDC33E4}.Release|x64.Build.0 = Release|x64
		{E1E07B10-89D2-4B15-AEA6-08EDAEDC33E4}.Release|x86.ActiveCfg = Release|Win32
		{E1E07B10-89D2-4B15-AEA6-08EDAEDC33E4}.Release|x86.Build.0 = Release|Win32
		{174F4EE6-6068-4DE8-B4D6-14913B6D3FA8}.Debug|x64.ActiveCfg = Debug|x64
		{174F4EE6-6068-4DE8-B4D6-14913B6D3FA8}.Debug|x64.Build.0 = Debug|x64
		{174F4EE6-6068-4DE8-B4D6-14913B6D3FA8}.Debug|x86.ActiveCfg = Debug|Win32
		{174F4EE6-6068-4DE8-B4D6-14913B6D3FA8}.Debug|x86.Build.0 = Debug|Win32
		{174F4EE6-6068-4DE8-B4D6-14913B6D3FA8}.Release|x64.ActiveCfg = Release|x64
		{174F4EE6-6068-4DE8-B4D6-14913B6D3FA8}.Release|x64.Build.0 = Release|x64
		{174F4EE6-6068-4DE8-B4D6-14913B6D3FA8}.Release|x86.ActiveCfg = Release|Win32
		{174F4EE6-6068-4DE8-B4D6-14913B6D3FA8}.Release|x86.Build.0 = Release|Win32
		{42C68E30-DEBA-4C71-A241-F589B22B3704}.Debug|x64.ActiveCfg = Debug|x64
		{42C68E30-DEBA-4C71-A241-F589B22B3704}.Debug|x64.Build.0 = Debug|x64
		{42C68E30-DEBA-4C71-A241-F589B22B3704}.Debug|x86.ActiveCfg = Debug|Win32
		{42C68E30-DEBA-4C71-A241-F589B22B3704}.Debug|x86.Build.0 = Debug|Win32
		{42C68E30-DEBA-4C71-A241-F589B22B3704}.Release|x64.ActiveCfg = Release|x64
		{42C68E30-DEBA-4C71-A241-F589B22B3704}.Release|x64.Build.0 = Release|x64
		{42C68E30-DEBA-4C71-A241-F589B22B3704}.Release|x86.ActiveCfg = Release|Win32
		{42C68E30-DEBA-4C71-A241-F589B22B3704}.Release|x86.Build.0 = Release|Win32
		{86A672D2-077F-49FE-979B-694F218881ED}.Debug|x64.ActiveCfg = Debug|x64
		{86A672D2-077F-49FE-979B-694F218881ED}.Debug|x64.Build.0 = Debug|x64
		{86A672D2-077F-49FE-979B-694F218881ED}.Debug|x86.ActiveCfg = Debug|Win32
		{86A672D2-077F-49FE-979B-694F218881ED}.Debug|x86.Build.0 = Debug|Win32
		{86A672D2-077F-49FE-979B-694F218881ED}.Release|x64.ActiveCfg = Release|x64
		{86A672D2-077F-49FE-979B-694F218881ED}.Release|x64.Build.0 = Release|x64
		{86A672D2-077F-49FE-979B-694F218881ED}.Release|x86.ActiveCfg = Release|Win32
		{86A672D2-077F-49FE-979B-694F218881ED}.Release|x86.Build.0 = Release|Win32
		{790C2A86-2AD2-4342-8000-677F6E4E7324}.Debug|x64.ActiveCfg = Debug|x64
		{790C2A86-2AD2-4342-8000-677F6E4E7324}.Debug|x64.Build.0 = Debug|x64
		{790C2A86-2AD2-4342-8000-677F6E4E7324}.Debug|x86.ActiveCfg = Debug|Win32
		{790C2A86-2AD2-4342-8000-677F6E4E7324}.Debug|x86.Build.0 = Debug|Win32
		{790C2A86-2AD2-4342-8000-677F6E4E7324}.Release|x64.ActiveCfg = Release|x64
		{790C2A86-2AD2-4342-8000-677F6E4E7324}.Release|x64.Build.0 = Release|x64
		{790C2A86-2AD2-4342-8000-677F6E4E7324}.Release|x86.ActiveCfg = Release|Win32
		{790C2A86-2AD2-4342-8000-677F6E4E7324}.Release|x86.Build.0 = Release|Win32
		{6CD31A83-1142-4ACF-A21C-273ABAA15F05}.Debug|x64.ActiveCfg = Debug|x64
		{6CD31A83-1142-4ACF-A21C-273ABAA15F05}.Debug|x64.Build.0 = Debug|x64
		{6CD31A83-1142-4ACF-A21C-273ABAA15F05}.Debug|x86.ActiveCfg = Debug|Win32
		{6CD31A83-1142-4ACF-A21C-273ABAA15F05}.Debug|x86.Build.0 = Debug|Win32
		{6CD31A83-1142-4ACF-A21C-273ABAA15F05}.Release|x64.ActiveCfg = Release|x64
		{6CD31A83-1142-4ACF-A21C-273ABAA15F05}.Release|x64.Build.0 = Release|x64
		{6CD31A83-1142-4ACF-A21C-273ABAA15F05}.Release|x86.ActiveCfg = Release|Win32
		{6CD31A83-1142-4ACF-A21C-273ABAA15F05}.Release|x86.Build.0 = Release|Win32
		{B831058A-48E9-49C4-BD1D-A57F1FCC02D2}.Debug|x64.ActiveCfg = Debug|x64
		{B831058A-48E9-49C4-BD1D-A57F1FCC02D2}.Debug|x64.Build.0 = Debug|x64
		{B831058A-48E9-49C4-BD1D-A57F1FCC02D2}.Debug|x86.ActiveCfg = Debug|Win32
		{B831058A-48E9-49C4-BD1D-A57F1FCC02D2}.Debug|x86.Build.0 = Debug|Win32
		{B831058A-48E9-49C4-BD1D-A57F1FCC02D2}.Release|x64.ActiveCfg = Release|x64
		{B831058A-48E9-49C4-BD1D-A57F1FCC02D2}.Release|x64.Build.0 = Release|x64
		{B831058A-48E9-49C4-BD1D-A57F1FCC02D2}.Release|x86.ActiveCfg = Release|Win32
		{B831058A-48E9-49C4-BD1D-A57F1FCC02D2}.Release|x86.Build.0 = Release|Win32
		{B48435CB-3A67-49AB-82BC-9F6B2BEB71B2}.Debug|x64.ActiveCfg = Debug|x64
		{B48435CB-3A67-49AB-82BC-9F6B2BEB71B2}.Debug|x64.Build.0 = Debug|x64
		{B48435CB-3A67-49AB-82BC-9F6B2BEB71B2}.Debug|x86.ActiveCfg = Debug|Win32
		{B48435CB-3A67-49AB-82BC-9F6B2BEB71B2}.Debug|x86.Build.0 = Debug|Win32
		{B48435CB-3A67-49AB-82BC-9F6B2BEB71B2}.Release|x64.ActiveCfg = Release|x64
		{B48435CB-3A67-49AB-82BC-9F6B2BEB71B2}.Release|x64.Build.0 = Release|x64
		{B48435CB-3A67-49AB-82BC-9F6B2BEB71B2}.Release|x86.ActiveCfg = Release|Win32
		{B48435CB-3A67-49AB-82BC-9F6B2BEB71B2}.Release|x86.Build.0 = Release|Win32
		{E7FDC9F1-44F4-4F9A-B7FE-37E0EFEC750C}.Debug|x64.ActiveCfg = Debug|x64
		{E7FDC9F1-44F4-4F9A-B7FE-37E0EFEC750C}.Debug|x64.Build.0 = Debug|x64
		{E7FDC9F1-44F4-4F9A-B7FE-37E0EFEC750C}.Debug|x86.ActiveCfg = Debug|Win32
		{E7FDC9F1-44F4-4F9A-B7FE-37E0EFEC750C}.Debug|x86.Build.0 = Debug|Win32
		{E7FDC9F1-44F4-4F9A-B7FE-37E0EFEC750C}.Release|x64.ActiveCfg = Release|x64
		{E7FDC9F1-44F4-4F9A-B7FE-37E0EFEC750C}.Release|x64.Build.0 = Release|x64
		{E7FDC9F1-44F4-4F9A-B7FE-37E0EFEC750C}.Release|x86.ActiveCfg = Release|Win32
		{E7FDC9F1-44F4-4F9A-B7FE-37E0EFEC750C}.Release|x86.Build.0 = Release|Win32
	EndGlobalSection
	GlobalSection(SolutionProperties) = preSolution
		HideSolutionNode = FALSE
	EndGlobalSection
	GlobalSection(ExtensibilityGlobals) = postSolution
		SolutionGuid = {319FA5AD-7B61-4100-B2CC-58AB6A514AFB}
	EndGlobalSection
EndGlobal
