
Microsoft Visual Studio Solution File, Format Version 12.00
# Visual Studio 15
VisualStudioVersion = 15.0.26730.16
MinimumVisualStudioVersion = 10.0.40219.1
Project("{8BC9CEB8-8B4A-11D0-8D11-00A0C91BC942}") = "Project1", "Project1\Project1.vcxproj", "{748EB6E0-5133-428B-8EC4-D7F25F0F10D0}"
EndProject
Project("{8BC9CEB8-8B4A-11D0-8D11-00A0C91BC942}") = "Project2", "Project2\Project2.vcxproj", "{1F45F43E-A164-4468-9EB1-6E99CCB0028A}"
EndProject
Project("{8BC9CEB8-8B4A-11D0-8D11-00A0C91BC942}") = "Project3", "Project3\Project3.vcxproj", "{683B595C-31BD-4B53-A980-D21FC410E64A}"
EndProject
Project("{8BC9CEB8-8B4A-11D0-8D11-00A0C91BC942}") = "Project4", "Project4\Project4.vcxproj", "{C8F339B4-EC66-4755-A808-44527C53C264}"
EndProject
Project("{8BC9CEB8-8B4A-11D0-8D11-00A0C91BC942}") = "Project5", "Project5\Project5.vcxproj", "{4CB570DD-8A7D-4E2D-B16C-0AD2B36EB6C3}"
EndProject
Project("{8BC9CEB8-8B4A-11D0-8D11-00A0C91BC942}") = "Project6", "Project6\Project6.vcxproj", "{13507D0E-3B2C-4F32-9365-870F1DE8E0E5}"
EndProject
Project("{8BC9CEB8-8B4A-11D0-8D11-00A0C91BC942}") = "Project7", "Project7\Project7.vcxproj", "{BB3C69F1-79E9-4617-BFAE-1BF9CA9E447E}"
EndProject
Project("{8BC9CEB8-8B4A-11D0-8D11-00A0C91BC942}") = "Project8", "Project8\Project8.vcxproj", "{8C31D0D8-ED3E-4CB1-B20F-31568391AB45}"
EndProject
Project("{8BC9CEB8-8B4A-11D0-8D11-00A0C91BC942}") = "Project9", "Project9\Project9.vcxproj", "{E8BCB8F4-0213-4661-A3BA-A92AA9455814}"
EndProject
Project("{8BC9CEB8-8B4A-11D0-8D11-00A0C91BC942}") = "Project10", "Project10\Project10.vcxproj", "{3A3DF53A-878C-41D9-9C76-1DAB37557460}"
EndProject
Project("{8BC9CEB8-8B4A-11D0-8D11-00A0C91BC942}") = "Project11", "Project11\Project11.vcxproj", "{D33766FF-B839-4841-966E-34D9CB5270B7}"
EndProject
Project("{8BC9CEB8-8B4A-11D0-8D11-00A0C91BC942}") = "Project12", "Project12\Project12.vcxproj", "{40B47666-E509-447F-8AE9-4FFEBEDFA09B}"
EndProject
Global
	GlobalSection(SolutionConfigurationPlatforms) = preSolution
		Debug|x64 = Debug|x64
		Debug|x86 = Debug|x86
		Release|x64 = Release|x64
		Release|x86 = Release|x86
	EndGlobalSection
	GlobalSection(ProjectConfigurationPlatforms) = postSolution
		{748EB6E0-5133-428B-8EC4-D7F25F0F10D0}.Debug|x64.ActiveCfg = Debug|x64
		{748EB6E0-5133-428B-8EC4-D7F25F0F10D0}.Debug|x64.Build.0 = Debug|x64
		{748EB6E0-5133-428B-8EC4-D7F25F0F10D0}.Debug|x86.ActiveCfg = Debug|Win32
		{748EB6E0-5133-428B-8EC4-D7F25F0F10D0}.Debug|x86.Build.0 = Debug|Win32
		{748EB6E0-5133-428B-8EC4-D7F25F0F10D0}.Release|x64.ActiveCfg = Release|x64
		{748EB6E0-5133-428B-8EC4-D7F25F0F10D0}.Release|x64.Build.0 = Release|x64
		{748EB6E0-5133-428B-8EC4-D7F25F0F10D0}.Release|x86.ActiveCfg = Release|Win32
		{748EB6E0-5133-428B-8EC4-D7F25F0F10D0}.Release|x86.Build.0 = Release|Win32
		{1F45F43E-A164-4468-9EB1-6E99CCB0028A}.Debug|x64.ActiveCfg = Debug|x64
		{1F45F43E-A164-4468-9EB1-6E99CCB0028A}.Debug|x64.Build.0 = Debug|x64
		{1F45F43E-A164-4468-9EB1-6E99CCB0028A}.Debug|x86.ActiveCfg = Debug|Win32
		{1F45F43E-A164-4468-9EB1-6E99CCB0028A}.Debug|x86.Build.0 = Debug|Win32
		{1F45F43E-A164-4468-9EB1-6E99CCB0028A}.Release|x64.ActiveCfg = Release|x64
		{1F45F43E-A164-4468-9EB1-6E99CCB0028A}.Release|x64.Build.0 = Release|x64
		{1F45F43E-A164-4468-9EB1-6E99CCB0028A}.Release|x86.ActiveCfg = Release|Win32
		{1F45F43E-A164-4468-9EB1-6E99CCB0028A}.Release|x86.Build.0 = Release|Win32
		{683B595C-31BD-4B53-A980-D21FC410E64A}.Debug|x64.ActiveCfg = Debug|x64
		{683B595C-31BD-4B53-A980-D21FC410E64A}.Debug|x64.Build.0 = Debug|x64
		{683B595C-31BD-4B53-A980-D21FC410E64A}.Debug|x86.ActiveCfg = Debug|Win32
		{683B595C-31BD-4B53-A980-D21FC410E64A}.Debug|x86.Build.0 = Debug|Win32
		{683B595C-31BD-4B53-A980-D21FC410E64A}.Release|x64.ActiveCfg = Release|x64
		{683B595C-31BD-4B53-A980-D21FC410E64A}.Release|x64.Build.0 = Release|x64
		{683B595C-31BD-4B53-A980-D21FC410E64A}.Release|x86.ActiveCfg = Release|Win32
		{683B595C-31BD-4B53-A980-D21FC410E64A}.Release|x86.Build.0 = Release|Win32
		{C8F339B4-EC66-4755-A808-44527C53C264}.Debug|x64.ActiveCfg = Debug|x64
		{C8F339B4-EC66-4755-A808-44527C53C264}.Debug|x64.Build.0 = Debug|x64
		{C8F339B4-EC66-4755-A808-44527C53C264}.Debug|x86.ActiveCfg = Debug|Win32
		{C8F339B4-EC66-4755-A808-44527C53C264}.Debug|x86.Build.0 = Debug|Win32
		{C8F339B4-EC66-4755-A808-44527C53C264}.Release|x64.ActiveCfg = Release|x64
		{C8F339B4-EC66-4755-A808-44527C53C264}.Release|x64.Build.0 = Release|x64
		{C8F339B4-EC66-4755-A808-44527C53C264}.Release|x86.ActiveCfg = Release|Win32
		{C8F339B4-EC66-4755-A808-44527C53C264}.Release|x86.Build.0 = Release|Win32
		{4CB570DD-8A7D-4E2D-B16C-0AD2B36EB6C3}.Debug|x64.ActiveCfg = Debug|x64
		{4CB570DD-8A7D-4E2D-B16C-0AD2B36EB6C3}.Debug|x64.Build.0 = Debug|x64
		{4CB570DD-8A7D-4E2D-B16C-0AD2B36EB6C3}.Debug|x86.ActiveCfg = Debug|Win32
		{4CB570DD-8A7D-4E2D-B16C-0AD2B36EB6C3}.Debug|x86.Build.0 = Debug|Win32
		{4CB570DD-8A7D-4E2D-B16C-0AD2B36EB6C3}.Release|x64.ActiveCfg = Release|x64
		{4CB570DD-8A7D-4E2D-B16C-0AD2B36EB6C3}.Release|x64.Build.0 = Release|x64
		{4CB570DD-8A7D-4E2D-B16C-0AD2B36EB6C3}.Release|x86.ActiveCfg = Release|Win32
		{4CB570DD-8A7D-4E2D-B16C-0AD2B36EB6C3}.Release|x86.Build.0 = Release|Win32
		{13507D0E-3B2C-4F32-9365-870F1DE8E0E5}.Debug|x64.ActiveCfg = Debug|x64
		{13507D0E-3B2C-4F32-9365-870F1DE8E0E5}.Debug|x64.Build.0 = Debug|x64
		{13507D0E-3B2C-4F32-9365-870F1DE8E0E5}.Debug|x86.ActiveCfg = Debug|Win32
		{13507D0E-3B2C-4F32-9365-870F1DE8E0E5}.Debug|x86.Build.0 = Debug|Win32
		{13507D0E-3B2C-4F32-9365-870F1DE8E0E5}.Release|x64.ActiveCfg = Release|x64
		{13507D0E-3B2C-4F32-9365-870F1DE8E0E5}.Release|x64.Build.0 = Release|x64
		{13507D0E-3B2C-4F32-9365-870F1DE8E0E5}.Release|x86.ActiveCfg = Release|Win32
		{13507D0E-3B2C-4F32-9365-870F1DE8E0E5}.Release|x86.Build.0 = Release|Win32
		{BB3C69F1-79E9-4617-BFAE-1BF9CA9E447E}.Debug|x64.ActiveCfg = Debug|x64
		{BB3C69F1-79E9-4617-BFAE-1BF9CA9E447E}.Debug|x64.Build.0 = Debug|x64
		{BB3C69F1-79E9-4617-BFAE-1BF9CA9E447E}.Debug|x86.ActiveCfg = Debug|Win32
		{BB3C69F1-79E9-4617-BFAE-1BF9CA9E447E}.Debug|x86.Build.0 = Debug|Win32
		{BB3C69F1-79E9-4617-BFAE-1BF9CA9E447E}.Release|x64.ActiveCfg = Release|x64
		{BB3C69F1-79E9-4617-BFAE-1BF9CA9E447E}.Release|x64.Build.0 = Release|x64
		{BB3C69F1-79E9-4617-BFAE-1BF9CA9E447E}.Release|x86.ActiveCfg = Release|Win32
		{BB3C69F1-79E9-4617-BFAE-1BF9CA9E447E}.Release|x86.Build.0 = Release|Win32
		{8C31D0D8-ED3E-4CB1-B20F-31568391AB45}.Debug|x64.ActiveCfg = Debug|x64
		{8C31D0D8-ED3E-4CB1-B20F-31568391AB45}.Debug|x64.Build.0 = Debug|x64
		{8C31D0D8-ED3E-4CB1-B20F-31568391AB45}.Debug|x86.ActiveCfg = Debug|Win32
		{8C31D0D8-ED3E-4CB1-B20F-31568391AB45}.Debug|x86.Build.0 = Debug|Win32
		{8C31D0D8-ED3E-4CB1-B20F-31568391AB45}.Release|x64.ActiveCfg = Release|x64
		{8C31D0D8-ED3E-4CB1-B20F-31568391AB45}.Release|x64.Build.0 = Release|x64
		{8C31D0D8-ED3E-4CB1-B20F-31568391AB45}.Release|x86.ActiveCfg = Release|Win32
		{8C31D0D8-ED3E-4CB1-B20F-31568391AB45}.Release|x86.Build.0 = Release|Win32
		{E8BCB8F4-0213-4661-A3BA-A92AA9455814}.Debug|x64.ActiveCfg = Debug|x64
		{E8BCB8F4-0213-4661-A3BA-A92AA9455814}.Debug|x64.Build.0 = Debug|x64
		{E8BCB8F4-0213-4661-A3BA-A92AA9455814}.Debug|x86.ActiveCfg = Debug|Win32
		{E8BCB8F4-0213-4661-A3BA-A92AA9455814}.Debug|x86.Build.0 = Debug|Win32
		{E8BCB8F4-0213-4661-A3BA-A92AA9455814}.Release|x64.ActiveCfg = Release|x64
		{E8BCB8F4-0213-4661-A3BA-A92AA9455814}.Release|x64.Build.0 = Release|x64
		{E8BCB8F4-0213-4661-A3BA-A92AA9455814}.Release|x86.ActiveCfg = Release|Win32
		{E8BCB8F4-0213-4661-A3BA-A92AA9455814}.Release|x86.Build.0 = Release|Win32
		{3A3DF53A-878C-41D9-9C76-1DAB37557460}.Debug|x64.ActiveCfg = Debug|x64
		{3A3DF53A-878C-41D9-9C76-1DAB37557460}.Debug|x64.Build.0 = Debug|x64
		{3A3DF53A-878C-41D9-9C76-1DAB37557460}.Debug|x86.ActiveCfg = Debug|Win32
		{3A3DF53A-878C-41D9-9C76-1DAB37557460}.Debug|x86.Build.0 = Debug|Win32
		{3A3DF53A-878C-41D9-9C76-1DAB37557460}.Release|x64.ActiveCfg = Release|x64
		{3A3DF53A-878C-41D9-9C76-1DAB37557460}.Release|x64.Build.0 = Release|x64
		{3A3DF53A-878C-41D9-9C76-1DAB37557460}.Release|x86.ActiveCfg = Release|Win32
		{3A3DF53A-878C-41D9-9C76-1DAB37557460}.Release|x86.Build.0 = Release|Win32
		{D33766FF-B839-4841-966E-34D9CB5270B7}.Debug|x64.ActiveCfg = Debug|x64
		{D33766FF-B839-4841-966E-34D9CB5270B7}.Debug|x64.Build.0 = Debug|x64
		{D33766FF-B839-4841-966E-34D9CB5270B7}.Debug|x86.ActiveCfg = Debug|Win32
		{D33766FF-B839-4841-966E-34D9CB5270B7}.Debug|x86.Build.0 = Debug|Win32
		{D33766FF-B839-4841-966E-34D9CB5270B7}.Release|x64.ActiveCfg = Release|x64
		{D33766FF-B839-4841-966E-34D9CB5270B7}.Release|x64.Build.0 = Release|x64
		{D33766FF-B839-4841-966E-34D9CB5270B7}.Release|x86.ActiveCfg = Release|Win32
		{D33766FF-B839-4841-966E-34D9CB5270B7}.Release|x86.Build.0 = Release|Win32
		{40B47666-E509-447F-8AE9-4FFEBEDFA09B}.Debug|x64.ActiveCfg = Debug|x64
		{40B47666-E509-447F-8AE9-4FFEBEDFA09B}.Debug|x64.Build.0 = Debug|x64
		{40B47666-E509-447F-8AE9-4FFEBEDFA09B}.Debug|x86.ActiveCfg = Debug|Win32
		{40B47666-E509-447F-8AE9-4FFEBEDFA09B}.Debug|x86.Build.0 = Debug|Win32
		{40B47666-E509-447F-8AE9-4FFEBEDFA09B}.Release|x64.ActiveCfg = Release|x64
		{40B47666-E509-447F-8AE9-4FFEBEDFA09B}.Release|x64.Build.0 = Release|x64
		{40B47666-E509-447F-8AE9-4FFEBEDFA09B}.Release|x86.ActiveCfg = Release|Win32
		{40B47666-E509-447F-8AE9-4FFEBEDFA09B}.Release|x86.Build.0 = Release|Win32
	EndGlobalSection
	GlobalSection(SolutionProperties) = preSolution
		HideSolutionNode = FALSE
	EndGlobalSection
	GlobalSection(ExtensibilityGlobals) = postSolution
		SolutionGuid = {F9B034A3-66B8-485E-ABE8-2ECD89F40437}
	EndGlobalSection
EndGlobal
